
Microsoft Visual Studio Solution File, Format Version 12.00
# Visual Studio Version 17
VisualStudioVersion = 17.9.34607.119
MinimumVisualStudioVersion = 10.0.40219.1
Project("{FAE04EC0-301F-11D3-BF4B-00C04F79EFBC}") = "crud", "crud\crud.csproj", "{57A7F603-028B-486E-A64D-81278FB922DF}"
EndProject
Global
	GlobalSection(SolutionConfigurationPlatforms) = preSolution
		Debug|Any CPU = Debug|Any CPU
		Release|Any CPU = Release|Any CPU
	EndGlobalSection
	GlobalSection(ProjectConfigurationPlatforms) = postSolution
		{57A7F603-028B-486E-A64D-81278FB922DF}.Debug|Any CPU.ActiveCfg = Debug|Any CPU
		{57A7F603-028B-486E-A64D-81278FB922DF}.Debug|Any CPU.Build.0 = Debug|Any CPU
		{57A7F603-028B-486E-A64D-81278FB922DF}.Release|Any CPU.ActiveCfg = Release|Any CPU
		{57A7F603-028B-486E-A64D-81278FB922DF}.Release|Any CPU.Build.0 = Release|Any CPU
	EndGlobalSection
	GlobalSection(SolutionProperties) = preSolution
		HideSolutionNode = FALSE
	EndGlobalSection
	GlobalSection(ExtensibilityGlobals) = postSolution
		SolutionGuid = {0D9E653F-D7B8-4F82-9862-B08C6B75AA7A}
	EndGlobalSection
EndGlobal
