
Microsoft Visual Studio Solution File, Format Version 12.00
# Visual Studio Version 17
VisualStudioVersion = 17.9.34607.119
MinimumVisualStudioVersion = 10.0.40219.1
Project("{FAE04EC0-301F-11D3-BF4B-00C04F79EFBC}") = "crudapi", "open\crudapi.csproj", "{B00E1E2F-F734-4892-BAE5-083F91A85CEC}"
EndProject
Global
	GlobalSection(SolutionConfigurationPlatforms) = preSolution
		Debug|Any CPU = Debug|Any CPU
		Release|Any CPU = Release|Any CPU
	EndGlobalSection
	GlobalSection(ProjectConfigurationPlatforms) = postSolution
		{B00E1E2F-F734-4892-BAE5-083F91A85CEC}.Debug|Any CPU.ActiveCfg = Debug|Any CPU
		{B00E1E2F-F734-4892-BAE5-083F91A85CEC}.Debug|Any CPU.Build.0 = Debug|Any CPU
		{B00E1E2F-F734-4892-BAE5-083F91A85CEC}.Release|Any CPU.ActiveCfg = Release|Any CPU
		{B00E1E2F-F734-4892-BAE5-083F91A85CEC}.Release|Any CPU.Build.0 = Release|Any CPU
	EndGlobalSection
	GlobalSection(SolutionProperties) = preSolution
		HideSolutionNode = FALSE
	EndGlobalSection
	GlobalSection(ExtensibilityGlobals) = postSolution
		SolutionGuid = {AF754CAC-76C3-4328-A2B0-AF80B2A27156}
	EndGlobalSection
EndGlobal
